
Microsoft Visual Studio Solution File, Format Version 12.00
# Visual Studio 14
VisualStudioVersion = 14.0.25420.1
MinimumVisualStudioVersion = 10.0.40219.1
Project("{FAE04EC0-301F-11D3-BF4B-00C04F79EFBC}") = "Sitecore.Pipeline.HttpRequestBegin", "Sitecore.Pipeline.HttpRequestBegin\Sitecore.Pipeline.HttpRequestBegin.csproj", "{F7819454-1591-4335-BDCD-513BB222E2C6}"
EndProject
Project("{2150E333-8FDC-42A3-9474-1A3956D46DE8}") = "App_Config", "App_Config", "{20CDEF4A-49A3-4BB0-B868-4D140A231AD0}"
EndProject
Project("{2150E333-8FDC-42A3-9474-1A3956D46DE8}") = "Include", "Include", "{11FBE41B-D0A5-4139-9BA0-5CF7A2925743}"
	ProjectSection(SolutionItems) = preProject
		Include\Sitecore.Pipeline.HttpRequestBegin.SessionForWebApi.config = Include\Sitecore.Pipeline.HttpRequestBegin.SessionForWebApi.config
	EndProjectSection
EndProject
Global
	GlobalSection(SolutionConfigurationPlatforms) = preSolution
		Debug|Any CPU = Debug|Any CPU
		Release|Any CPU = Release|Any CPU
	EndGlobalSection
	GlobalSection(ProjectConfigurationPlatforms) = postSolution
		{F7819454-1591-4335-BDCD-513BB222E2C6}.Debug|Any CPU.ActiveCfg = Debug|Any CPU
		{F7819454-1591-4335-BDCD-513BB222E2C6}.Debug|Any CPU.Build.0 = Debug|Any CPU
		{F7819454-1591-4335-BDCD-513BB222E2C6}.Release|Any CPU.ActiveCfg = Release|Any CPU
		{F7819454-1591-4335-BDCD-513BB222E2C6}.Release|Any CPU.Build.0 = Release|Any CPU
	EndGlobalSection
	GlobalSection(SolutionProperties) = preSolution
		HideSolutionNode = FALSE
	EndGlobalSection
	GlobalSection(NestedProjects) = preSolution
		{11FBE41B-D0A5-4139-9BA0-5CF7A2925743} = {20CDEF4A-49A3-4BB0-B868-4D140A231AD0}
	EndGlobalSection
EndGlobal
